
Microsoft Visual Studio Solution File, Format Version 12.00
# Visual Studio Version 17
VisualStudioVersion = 17.4.33122.133
MinimumVisualStudioVersion = 10.0.40219.1
Project("{8BC9CEB8-8B4A-11D0-8D11-00A0C91BC942}") = "213428010122吴平泽题目1", "213428010122吴平泽题目1\213428010122吴平泽题目1.vcxproj", "{13D02AA8-5D9C-4209-96F1-11E5B3DD59E0}"
EndProject
Global
	GlobalSection(SolutionConfigurationPlatforms) = preSolution
		Debug|x64 = Debug|x64
		Debug|x86 = Debug|x86
		Release|x64 = Release|x64
		Release|x86 = Release|x86
	EndGlobalSection
	GlobalSection(ProjectConfigurationPlatforms) = postSolution
		{13D02AA8-5D9C-4209-96F1-11E5B3DD59E0}.Debug|x64.ActiveCfg = Debug|x64
		{13D02AA8-5D9C-4209-96F1-11E5B3DD59E0}.Debug|x64.Build.0 = Debug|x64
		{13D02AA8-5D9C-4209-96F1-11E5B3DD59E0}.Debug|x86.ActiveCfg = Debug|Win32
		{13D02AA8-5D9C-4209-96F1-11E5B3DD59E0}.Debug|x86.Build.0 = Debug|Win32
		{13D02AA8-5D9C-4209-96F1-11E5B3DD59E0}.Release|x64.ActiveCfg = Release|x64
		{13D02AA8-5D9C-4209-96F1-11E5B3DD59E0}.Release|x64.Build.0 = Release|x64
		{13D02AA8-5D9C-4209-96F1-11E5B3DD59E0}.Release|x86.ActiveCfg = Release|Win32
		{13D02AA8-5D9C-4209-96F1-11E5B3DD59E0}.Release|x86.Build.0 = Release|Win32
	EndGlobalSection
	GlobalSection(SolutionProperties) = preSolution
		HideSolutionNode = FALSE
	EndGlobalSection
	GlobalSection(ExtensibilityGlobals) = postSolution
		SolutionGuid = {1E9DF936-CBBE-4EEA-AE65-164E00DCAA45}
	EndGlobalSection
EndGlobal
